{
  "version": 4,
  "terraform_version": "0.12.19",
  "serial": 163,
  "lineage": "0a9f8b55-1ccb-6e2a-b874-a2e6007c8ba6",
  "outputs": {},
  "resources": [
    {
      "mode": "data",
      "type": "template_file",
      "name": "app_init",
      "provider": "provider.template",
      "instances": [
        {
          "schema_version": 0,
          "attributes": {
            "filename": null,
            "id": "66bbd17f1dac8a75f41de8eb50a2db0366eafbba9047a89fda0c6cf924ec2734",
            "rendered": "#!/bin/bash\n\ncd /home/ubuntu/app\nexport DB_HOST=mongodb://10.0.3.131:27017/posts\npm2 start app.js",
            "template": "#!/bin/bash\n\ncd /home/ubuntu/app\nexport DB_HOST=${db_host}\npm2 start app.js",
            "vars": {
              "db_host": "mongodb://10.0.3.131:27017/posts"
            }
          }
        }
      ]
    },
    {
      "mode": "managed",
      "type": "aws_autoscaling_group",
      "name": "app_AS",
      "provider": "provider.aws",
      "instances": [
        {
          "schema_version": 0,
          "attributes": {
            "arn": "arn:aws:autoscaling:eu-west-1:135928476890:autoScalingGroup:05389fd5-ab19-4429-a581-f7b3d50b5cb4:autoScalingGroupName/Eng47-FinalProject-AS",
            "availability_zones": [
              "eu-west-1a",
              "eu-west-1b",
              "eu-west-1c"
            ],
            "default_cooldown": 300,
            "desired_capacity": 3,
            "enabled_metrics": [],
            "force_delete": true,
            "health_check_grace_period": 300,
            "health_check_type": "ELB",
            "id": "Eng47-FinalProject-AS",
            "initial_lifecycle_hook": [],
            "launch_configuration": "Eng47-launch-config-project",
            "launch_template": [],
            "load_balancers": [],
            "max_instance_lifetime": 0,
            "max_size": 4,
            "metrics_granularity": "1Minute",
            "min_elb_capacity": null,
            "min_size": 2,
            "mixed_instances_policy": [],
            "name": "Eng47-FinalProject-AS",
            "name_prefix": null,
            "placement_group": "",
            "protect_from_scale_in": false,
            "service_linked_role_arn": "arn:aws:iam::135928476890:role/aws-service-role/autoscaling.amazonaws.com/AWSServiceRoleForAutoScaling",
            "suspended_processes": [],
            "tag": [],
            "tags": null,
            "target_group_arns": [
              "arn:aws:elasticloadbalancing:eu-west-1:135928476890:targetgroup/Eng47-FinalProject-TG/4f83a6dc26d32f09"
            ],
            "termination_policies": [],
            "timeouts": null,
            "vpc_zone_identifier": [
              "subnet-07588cc4cf7d8596f",
              "subnet-09800e366a39eda93",
              "subnet-0bca28e4232190aa7"
            ],
            "wait_for_capacity_timeout": "10m",
            "wait_for_elb_capacity": null
          },
          "private": "eyJlMmJmYjczMC1lY2FhLTExZTYtOGY4OC0zNDM2M2JjN2M0YzAiOnsiZGVsZXRlIjo2MDAwMDAwMDAwMDB9fQ==",
          "dependencies": [
            "aws_launch_configuration.app_LC",
            "aws_lb_target_group.app_TG",
            "module.app.aws_security_group.app",
            "module.app.aws_subnet.app",
            "module.app.aws_subnet.app1",
            "module.app.aws_subnet.app2",
            "module.db.aws_instance.db",
            "module.db.aws_security_group.db",
            "module.db.aws_subnet.db"
          ]
        }
      ]
    },
    {
      "module": "module.db",
      "mode": "managed",
      "type": "aws_instance",
      "name": "db",
      "provider": "provider.aws",
      "instances": [
        {
          "schema_version": 1,
          "attributes": {
            "ami": "ami-049b0eb3c48e9b0e3",
            "arn": "arn:aws:ec2:eu-west-1:135928476890:instance/i-022c003e8bcb78aa3",
            "associate_public_ip_address": false,
            "availability_zone": "eu-west-1a",
            "cpu_core_count": 1,
            "cpu_threads_per_core": 1,
            "credit_specification": [
              {
                "cpu_credits": "standard"
              }
            ],
            "disable_api_termination": false,
            "ebs_block_device": [],
            "ebs_optimized": false,
            "ephemeral_block_device": [],
            "get_password_data": false,
            "host_id": null,
            "iam_instance_profile": "",
            "id": "i-022c003e8bcb78aa3",
            "instance_initiated_shutdown_behavior": null,
            "instance_state": "running",
            "instance_type": "t2.micro",
            "ipv6_address_count": 0,
            "ipv6_addresses": [],
            "key_name": "",
            "monitoring": false,
            "network_interface": [],
            "network_interface_id": null,
            "password_data": "",
            "placement_group": "",
            "primary_network_interface_id": "eni-0e9865f53ecfcf09a",
            "private_dns": "ip-10-0-3-131.eu-west-1.compute.internal",
            "private_ip": "10.0.3.131",
            "public_dns": "",
            "public_ip": "",
            "root_block_device": [
              {
                "delete_on_termination": true,
                "encrypted": false,
                "iops": 100,
                "kms_key_id": "",
                "volume_id": "vol-009e9312a3d99a7f5",
                "volume_size": 8,
                "volume_type": "gp2"
              }
            ],
            "security_groups": [],
            "source_dest_check": true,
            "subnet_id": "subnet-0be8ffea2dc6c4134",
            "tags": {
              "Name": "Eng-47-Final-Project-db"
            },
            "tenancy": "default",
            "timeouts": null,
            "user_data": null,
            "user_data_base64": null,
            "volume_tags": {},
            "vpc_security_group_ids": [
              "sg-09b542229fbec5b11"
            ]
          },
          "private": "eyJlMmJmYjczMC1lY2FhLTExZTYtOGY4OC0zNDM2M2JjN2M0YzAiOnsiY3JlYXRlIjo2MDAwMDAwMDAwMDAsImRlbGV0ZSI6MTIwMDAwMDAwMDAwMCwidXBkYXRlIjo2MDAwMDAwMDAwMDB9LCJzY2hlbWFfdmVyc2lvbiI6IjEifQ==",
          "dependencies": [
            "module.db.aws_security_group.db",
            "module.db.aws_subnet.db"
          ]
        }
      ]
    },
    {
      "mode": "managed",
      "type": "aws_internet_gateway",
      "name": "app",
      "provider": "provider.aws",
      "instances": [
        {
          "schema_version": 0,
          "attributes": {
            "id": "igw-03ddf1a45d1e91d9f",
            "owner_id": "135928476890",
            "tags": {
              "Name": "Eng-47-Final-Project"
            },
            "vpc_id": "vpc-02136557ab4a54cd7"
          },
          "private": "bnVsbA==",
          "dependencies": [
            "aws_vpc.app"
          ]
        }
      ]
    },
    {
      "mode": "managed",
      "type": "aws_launch_configuration",
      "name": "app_LC",
      "provider": "provider.aws",
      "instances": [
        {
          "schema_version": 0,
          "attributes": {
            "arn": "arn:aws:autoscaling:eu-west-1:135928476890:launchConfiguration:ec03b0fe-d2d0-4a98-aa17-2803ceeff628:launchConfigurationName/Eng47-launch-config-project",
            "associate_public_ip_address": false,
            "ebs_block_device": [],
            "ebs_optimized": false,
            "enable_monitoring": true,
            "ephemeral_block_device": [],
            "iam_instance_profile": "",
            "id": "Eng47-launch-config-project",
            "image_id": "ami-09f0478228932d57d",
            "instance_type": "t2.micro",
            "key_name": "",
            "name": "Eng47-launch-config-project",
            "name_prefix": null,
            "placement_tenancy": null,
            "root_block_device": [],
            "security_groups": [
              "sg-0deff6c1218dada65"
            ],
            "spot_price": "",
            "user_data": "4cf6a85bcc5427cdb253c0046a209e77d969e848",
            "user_data_base64": null,
            "vpc_classic_link_id": "",
            "vpc_classic_link_security_groups": []
          },
          "private": "bnVsbA==",
          "dependencies": [
            "module.app.aws_security_group.app",
            "module.db.aws_instance.db",
            "module.db.aws_security_group.db",
            "module.db.aws_subnet.db"
          ]
        }
      ]
    },
    {
      "mode": "managed",
      "type": "aws_lb",
      "name": "app_lb",
      "provider": "provider.aws",
      "instances": [
        {
          "schema_version": 0,
          "attributes": {
            "access_logs": [
              {
                "bucket": "",
                "enabled": false,
                "prefix": ""
              }
            ],
            "arn": "arn:aws:elasticloadbalancing:eu-west-1:135928476890:loadbalancer/app/Final-Project-LB/770ef9ceacfabd95",
            "arn_suffix": "app/Final-Project-LB/770ef9ceacfabd95",
            "dns_name": "Final-Project-LB-18844358.eu-west-1.elb.amazonaws.com",
            "enable_cross_zone_load_balancing": null,
            "enable_deletion_protection": false,
            "enable_http2": true,
            "id": "arn:aws:elasticloadbalancing:eu-west-1:135928476890:loadbalancer/app/Final-Project-LB/770ef9ceacfabd95",
            "idle_timeout": 60,
            "internal": false,
            "ip_address_type": "ipv4",
            "load_balancer_type": "application",
            "name": "Final-Project-LB",
            "name_prefix": null,
            "security_groups": [
              "sg-0deff6c1218dada65"
            ],
            "subnet_mapping": [
              {
                "allocation_id": "",
                "subnet_id": "subnet-07588cc4cf7d8596f"
              },
              {
                "allocation_id": "",
                "subnet_id": "subnet-09800e366a39eda93"
              },
              {
                "allocation_id": "",
                "subnet_id": "subnet-0bca28e4232190aa7"
              }
            ],
            "subnets": [
              "subnet-07588cc4cf7d8596f",
              "subnet-09800e366a39eda93",
              "subnet-0bca28e4232190aa7"
            ],
            "tags": {
              "Name": "Eng47-Project-Final-LB"
            },
            "timeouts": null,
            "vpc_id": "vpc-02136557ab4a54cd7",
            "zone_id": "Z32O12XQLNTSW2"
          },
          "private": "eyJlMmJmYjczMC1lY2FhLTExZTYtOGY4OC0zNDM2M2JjN2M0YzAiOnsiY3JlYXRlIjo2MDAwMDAwMDAwMDAsImRlbGV0ZSI6NjAwMDAwMDAwMDAwLCJ1cGRhdGUiOjYwMDAwMDAwMDAwMH19",
          "dependencies": [
            "aws_vpc.app",
            "module.app.aws_security_group.app",
            "module.app.aws_subnet.app",
            "module.app.aws_subnet.app1",
            "module.app.aws_subnet.app2"
          ]
        }
      ]
    },
    {
      "mode": "managed",
      "type": "aws_lb_listener",
      "name": "Eng47-listener",
      "provider": "provider.aws",
      "instances": [
        {
          "schema_version": 0,
          "attributes": {
            "arn": "arn:aws:elasticloadbalancing:eu-west-1:135928476890:listener/app/Final-Project-LB/770ef9ceacfabd95/8e497afc9719d8c2",
            "certificate_arn": null,
            "default_action": [
              {
                "authenticate_cognito": [],
                "authenticate_oidc": [],
                "fixed_response": [],
                "order": 1,
                "redirect": [],
                "target_group_arn": "arn:aws:elasticloadbalancing:eu-west-1:135928476890:targetgroup/Eng47-FinalProject-TG/4f83a6dc26d32f09",
                "type": "forward"
              }
            ],
            "id": "arn:aws:elasticloadbalancing:eu-west-1:135928476890:listener/app/Final-Project-LB/770ef9ceacfabd95/8e497afc9719d8c2",
            "load_balancer_arn": "arn:aws:elasticloadbalancing:eu-west-1:135928476890:loadbalancer/app/Final-Project-LB/770ef9ceacfabd95",
            "port": 80,
            "protocol": "HTTP",
            "ssl_policy": "",
            "timeouts": null
          },
          "private": "eyJlMmJmYjczMC1lY2FhLTExZTYtOGY4OC0zNDM2M2JjN2M0YzAiOnsicmVhZCI6NjAwMDAwMDAwMDAwfX0=",
          "dependencies": [
            "aws_lb.app_lb",
            "aws_lb_target_group.app_TG"
          ]
        }
      ]
    },
    {
      "mode": "managed",
      "type": "aws_lb_target_group",
      "name": "app_TG",
      "provider": "provider.aws",
      "instances": [
        {
          "schema_version": 0,
          "attributes": {
            "arn": "arn:aws:elasticloadbalancing:eu-west-1:135928476890:targetgroup/Eng47-FinalProject-TG/4f83a6dc26d32f09",
            "arn_suffix": "targetgroup/Eng47-FinalProject-TG/4f83a6dc26d32f09",
            "deregistration_delay": 300,
            "health_check": [
              {
                "enabled": true,
                "healthy_threshold": 5,
                "interval": 30,
                "matcher": "200",
                "path": "/",
                "port": "traffic-port",
                "protocol": "HTTP",
                "timeout": 5,
                "unhealthy_threshold": 2
              }
            ],
            "id": "arn:aws:elasticloadbalancing:eu-west-1:135928476890:targetgroup/Eng47-FinalProject-TG/4f83a6dc26d32f09",
            "lambda_multi_value_headers_enabled": false,
            "name": "Eng47-FinalProject-TG",
            "name_prefix": null,
            "port": 80,
            "protocol": "HTTP",
            "proxy_protocol_v2": false,
            "slow_start": 0,
            "stickiness": [
              {
                "cookie_duration": 86400,
                "enabled": false,
                "type": "lb_cookie"
              }
            ],
            "tags": {},
            "target_type": "instance",
            "vpc_id": "vpc-02136557ab4a54cd7"
          },
          "private": "bnVsbA==",
          "dependencies": [
            "aws_vpc.app"
          ]
        }
      ]
    },
    {
      "module": "module.app",
      "mode": "managed",
      "type": "aws_network_acl",
      "name": "app",
      "provider": "provider.aws",
      "instances": [
        {
          "schema_version": 0,
          "attributes": {
            "egress": [
              {
                "action": "allow",
                "cidr_block": "0.0.0.0/0",
                "from_port": 1024,
                "icmp_code": 0,
                "icmp_type": 0,
                "ipv6_cidr_block": "",
                "protocol": "6",
                "rule_no": 120,
                "to_port": 65535
              },
              {
                "action": "allow",
                "cidr_block": "0.0.0.0/0",
                "from_port": 80,
                "icmp_code": 0,
                "icmp_type": 0,
                "ipv6_cidr_block": "",
                "protocol": "6",
                "rule_no": 100,
                "to_port": 80
              }
            ],
            "id": "acl-02d582e17dd569baa",
            "ingress": [
              {
                "action": "allow",
                "cidr_block": "0.0.0.0/0",
                "from_port": 1024,
                "icmp_code": 0,
                "icmp_type": 0,
                "ipv6_cidr_block": "",
                "protocol": "6",
                "rule_no": 120,
                "to_port": 65535
              },
              {
                "action": "allow",
                "cidr_block": "0.0.0.0/0",
                "from_port": 80,
                "icmp_code": 0,
                "icmp_type": 0,
                "ipv6_cidr_block": "",
                "protocol": "6",
                "rule_no": 100,
                "to_port": 80
              }
            ],
            "owner_id": "135928476890",
            "subnet_id": null,
            "subnet_ids": [
              "subnet-07588cc4cf7d8596f",
              "subnet-09800e366a39eda93",
              "subnet-0bca28e4232190aa7"
            ],
            "tags": {
              "Name": "Eng-47-Final-Project"
            },
            "vpc_id": "vpc-02136557ab4a54cd7"
          },
          "private": "bnVsbA==",
          "dependencies": [
            "aws_vpc.app",
            "module.app.aws_subnet.app",
            "module.app.aws_subnet.app1",
            "module.app.aws_subnet.app2"
          ]
        }
      ]
    },
    {
      "module": "module.db",
      "mode": "managed",
      "type": "aws_network_acl",
      "name": "db",
      "provider": "provider.aws",
      "instances": [
        {
          "schema_version": 0,
          "attributes": {
            "egress": [
              {
                "action": "allow",
                "cidr_block": "10.0.0.0/24",
                "from_port": 1024,
                "icmp_code": 0,
                "icmp_type": 0,
                "ipv6_cidr_block": "",
                "protocol": "6",
                "rule_no": 120,
                "to_port": 65535
              }
            ],
            "id": "acl-0d330657c69ed89ce",
            "ingress": [
              {
                "action": "allow",
                "cidr_block": "10.0.0.0/24",
                "from_port": 27017,
                "icmp_code": 0,
                "icmp_type": 0,
                "ipv6_cidr_block": "",
                "protocol": "6",
                "rule_no": 100,
                "to_port": 27017
              }
            ],
            "owner_id": "135928476890",
            "subnet_id": null,
            "subnet_ids": [
              "subnet-0be8ffea2dc6c4134"
            ],
            "tags": {
              "Name": "Eng-47-Final-Project-db"
            },
            "vpc_id": "vpc-02136557ab4a54cd7"
          },
          "private": "bnVsbA==",
          "dependencies": [
            "aws_vpc.app",
            "module.app.aws_subnet.app",
            "module.db.aws_subnet.db"
          ]
        }
      ]
    },
    {
      "module": "module.app",
      "mode": "managed",
      "type": "aws_route_table",
      "name": "app",
      "provider": "provider.aws",
      "instances": [
        {
          "schema_version": 0,
          "attributes": {
            "id": "rtb-0d0e42f42ac8f35fa",
            "owner_id": "135928476890",
            "propagating_vgws": [],
            "route": [
              {
                "cidr_block": "0.0.0.0/0",
                "egress_only_gateway_id": "",
                "gateway_id": "igw-03ddf1a45d1e91d9f",
                "instance_id": "",
                "ipv6_cidr_block": "",
                "nat_gateway_id": "",
                "network_interface_id": "",
                "transit_gateway_id": "",
                "vpc_peering_connection_id": ""
              }
            ],
            "tags": {
              "Name": "Eng-47-Final-Project-public"
            },
            "vpc_id": "vpc-02136557ab4a54cd7"
          },
          "private": "bnVsbA==",
          "dependencies": [
            "aws_internet_gateway.app",
            "aws_vpc.app"
          ]
        }
      ]
    },
    {
      "module": "module.db",
      "mode": "managed",
      "type": "aws_route_table",
      "name": "db",
      "provider": "provider.aws",
      "instances": [
        {
          "schema_version": 0,
          "attributes": {
            "id": "rtb-0e56654342273139a",
            "owner_id": "135928476890",
            "propagating_vgws": [],
            "route": [],
            "tags": {
              "Name": "Eng-47-Final-Project-db-private"
            },
            "vpc_id": "vpc-02136557ab4a54cd7"
          },
          "private": "bnVsbA==",
          "dependencies": [
            "aws_vpc.app"
          ]
        }
      ]
    },
    {
      "module": "module.app",
      "mode": "managed",
      "type": "aws_route_table_association",
      "name": "app",
      "provider": "provider.aws",
      "instances": [
        {
          "schema_version": 0,
          "attributes": {
            "gateway_id": null,
            "id": "rtbassoc-0a463ecbaac1926d1",
            "route_table_id": "rtb-0d0e42f42ac8f35fa",
            "subnet_id": "subnet-07588cc4cf7d8596f"
          },
          "private": "bnVsbA==",
          "dependencies": [
            "aws_internet_gateway.app",
            "aws_vpc.app",
            "module.app.aws_route_table.app",
            "module.app.aws_subnet.app"
          ]
        }
      ]
    },
    {
      "module": "module.app",
      "mode": "managed",
      "type": "aws_route_table_association",
      "name": "app1",
      "provider": "provider.aws",
      "instances": [
        {
          "schema_version": 0,
          "attributes": {
            "gateway_id": null,
            "id": "rtbassoc-046aa4fb86701c4b0",
            "route_table_id": "rtb-0d0e42f42ac8f35fa",
            "subnet_id": "subnet-09800e366a39eda93"
          },
          "private": "bnVsbA==",
          "dependencies": [
            "aws_internet_gateway.app",
            "aws_vpc.app",
            "module.app.aws_route_table.app",
            "module.app.aws_subnet.app1"
          ]
        }
      ]
    },
    {
      "module": "module.app",
      "mode": "managed",
      "type": "aws_route_table_association",
      "name": "app2",
      "provider": "provider.aws",
      "instances": [
        {
          "schema_version": 0,
          "attributes": {
            "gateway_id": null,
            "id": "rtbassoc-0a55cacb55a60da12",
            "route_table_id": "rtb-0d0e42f42ac8f35fa",
            "subnet_id": "subnet-0bca28e4232190aa7"
          },
          "private": "bnVsbA==",
          "dependencies": [
            "aws_internet_gateway.app",
            "aws_vpc.app",
            "module.app.aws_route_table.app",
            "module.app.aws_subnet.app2"
          ]
        }
      ]
    },
    {
      "module": "module.db",
      "mode": "managed",
      "type": "aws_route_table_association",
      "name": "db",
      "provider": "provider.aws",
      "instances": [
        {
          "schema_version": 0,
          "attributes": {
            "gateway_id": null,
            "id": "rtbassoc-0055181c037d96905",
            "route_table_id": "rtb-0e56654342273139a",
            "subnet_id": "subnet-0be8ffea2dc6c4134"
          },
          "private": "bnVsbA==",
          "dependencies": [
            "aws_vpc.app",
            "module.db.aws_route_table.db",
            "module.db.aws_subnet.db"
          ]
        }
      ]
    },
    {
      "module": "module.app",
      "mode": "managed",
      "type": "aws_security_group",
      "name": "app",
      "provider": "provider.aws",
      "instances": [
        {
          "schema_version": 1,
          "attributes": {
            "arn": "arn:aws:ec2:eu-west-1:135928476890:security-group/sg-0deff6c1218dada65",
            "description": "Eng-47-Final-Project access",
            "egress": [
              {
                "cidr_blocks": [
                  "0.0.0.0/0"
                ],
                "description": "",
                "from_port": 0,
                "ipv6_cidr_blocks": [],
                "prefix_list_ids": [],
                "protocol": "-1",
                "security_groups": [],
                "self": false,
                "to_port": 0
              }
            ],
            "id": "sg-0deff6c1218dada65",
            "ingress": [
              {
                "cidr_blocks": [
                  "0.0.0.0/0"
                ],
                "description": "",
                "from_port": 80,
                "ipv6_cidr_blocks": [],
                "prefix_list_ids": [],
                "protocol": "tcp",
                "security_groups": [],
                "self": false,
                "to_port": 80
              }
            ],
            "name": "Eng-47-Final-Project",
            "name_prefix": null,
            "owner_id": "135928476890",
            "revoke_rules_on_delete": false,
            "tags": {
              "Name": "Eng-47-Final-Project"
            },
            "timeouts": null,
            "vpc_id": "vpc-02136557ab4a54cd7"
          },
          "private": "eyJlMmJmYjczMC1lY2FhLTExZTYtOGY4OC0zNDM2M2JjN2M0YzAiOnsiY3JlYXRlIjo2MDAwMDAwMDAwMDAsImRlbGV0ZSI6NjAwMDAwMDAwMDAwfSwic2NoZW1hX3ZlcnNpb24iOiIxIn0=",
          "dependencies": [
            "aws_vpc.app"
          ]
        }
      ]
    },
    {
      "module": "module.db",
      "mode": "managed",
      "type": "aws_security_group",
      "name": "db",
      "provider": "provider.aws",
      "instances": [
        {
          "schema_version": 1,
          "attributes": {
            "arn": "arn:aws:ec2:eu-west-1:135928476890:security-group/sg-09b542229fbec5b11",
            "description": "Eng-47-Final-Project db access",
            "egress": [
              {
                "cidr_blocks": [
                  "0.0.0.0/0"
                ],
                "description": "",
                "from_port": 0,
                "ipv6_cidr_blocks": [],
                "prefix_list_ids": [],
                "protocol": "-1",
                "security_groups": [],
                "self": false,
                "to_port": 0
              }
            ],
            "id": "sg-09b542229fbec5b11",
            "ingress": [
              {
                "cidr_blocks": [],
                "description": "",
                "from_port": 27017,
                "ipv6_cidr_blocks": [],
                "prefix_list_ids": [],
                "protocol": "tcp",
                "security_groups": [
                  "sg-0deff6c1218dada65"
                ],
                "self": false,
                "to_port": 27017
              }
            ],
            "name": "Eng-47-Final-Project-db",
            "name_prefix": null,
            "owner_id": "135928476890",
            "revoke_rules_on_delete": false,
            "tags": {
              "Name": "Eng-47-Final-Project-db"
            },
            "timeouts": null,
            "vpc_id": "vpc-02136557ab4a54cd7"
          },
          "private": "eyJlMmJmYjczMC1lY2FhLTExZTYtOGY4OC0zNDM2M2JjN2M0YzAiOnsiY3JlYXRlIjo2MDAwMDAwMDAwMDAsImRlbGV0ZSI6NjAwMDAwMDAwMDAwfSwic2NoZW1hX3ZlcnNpb24iOiIxIn0=",
          "dependencies": [
            "aws_vpc.app",
            "module.app.aws_security_group.app"
          ]
        }
      ]
    },
    {
      "module": "module.app",
      "mode": "managed",
      "type": "aws_subnet",
      "name": "app",
      "provider": "provider.aws",
      "instances": [
        {
          "schema_version": 1,
          "attributes": {
            "arn": "arn:aws:ec2:eu-west-1:135928476890:subnet/subnet-07588cc4cf7d8596f",
            "assign_ipv6_address_on_creation": false,
            "availability_zone": "eu-west-1a",
            "availability_zone_id": "euw1-az3",
            "cidr_block": "10.0.0.0/24",
            "id": "subnet-07588cc4cf7d8596f",
            "ipv6_cidr_block": "",
            "ipv6_cidr_block_association_id": "",
            "map_public_ip_on_launch": true,
            "owner_id": "135928476890",
            "tags": {
              "Name": "Eng-47-Final-Project"
            },
            "timeouts": null,
            "vpc_id": "vpc-02136557ab4a54cd7"
          },
          "private": "eyJlMmJmYjczMC1lY2FhLTExZTYtOGY4OC0zNDM2M2JjN2M0YzAiOnsiY3JlYXRlIjo2MDAwMDAwMDAwMDAsImRlbGV0ZSI6MTIwMDAwMDAwMDAwMH0sInNjaGVtYV92ZXJzaW9uIjoiMSJ9",
          "dependencies": [
            "aws_vpc.app"
          ]
        }
      ]
    },
    {
      "module": "module.app",
      "mode": "managed",
      "type": "aws_subnet",
      "name": "app1",
      "provider": "provider.aws",
      "instances": [
        {
          "schema_version": 1,
          "attributes": {
            "arn": "arn:aws:ec2:eu-west-1:135928476890:subnet/subnet-09800e366a39eda93",
            "assign_ipv6_address_on_creation": false,
            "availability_zone": "eu-west-1b",
            "availability_zone_id": "euw1-az1",
            "cidr_block": "10.0.1.0/24",
            "id": "subnet-09800e366a39eda93",
            "ipv6_cidr_block": "",
            "ipv6_cidr_block_association_id": "",
            "map_public_ip_on_launch": true,
            "owner_id": "135928476890",
            "tags": {
              "Name": "app-FP1"
            },
            "timeouts": null,
            "vpc_id": "vpc-02136557ab4a54cd7"
          },
          "private": "eyJlMmJmYjczMC1lY2FhLTExZTYtOGY4OC0zNDM2M2JjN2M0YzAiOnsiY3JlYXRlIjo2MDAwMDAwMDAwMDAsImRlbGV0ZSI6MTIwMDAwMDAwMDAwMH0sInNjaGVtYV92ZXJzaW9uIjoiMSJ9",
          "dependencies": [
            "aws_vpc.app"
          ]
        }
      ]
    },
    {
      "module": "module.app",
      "mode": "managed",
      "type": "aws_subnet",
      "name": "app2",
      "provider": "provider.aws",
      "instances": [
        {
          "schema_version": 1,
          "attributes": {
            "arn": "arn:aws:ec2:eu-west-1:135928476890:subnet/subnet-0bca28e4232190aa7",
            "assign_ipv6_address_on_creation": false,
            "availability_zone": "eu-west-1c",
            "availability_zone_id": "euw1-az2",
            "cidr_block": "10.0.2.0/24",
            "id": "subnet-0bca28e4232190aa7",
            "ipv6_cidr_block": "",
            "ipv6_cidr_block_association_id": "",
            "map_public_ip_on_launch": true,
            "owner_id": "135928476890",
            "tags": {
              "Name": "app-FP2"
            },
            "timeouts": null,
            "vpc_id": "vpc-02136557ab4a54cd7"
          },
          "private": "eyJlMmJmYjczMC1lY2FhLTExZTYtOGY4OC0zNDM2M2JjN2M0YzAiOnsiY3JlYXRlIjo2MDAwMDAwMDAwMDAsImRlbGV0ZSI6MTIwMDAwMDAwMDAwMH0sInNjaGVtYV92ZXJzaW9uIjoiMSJ9",
          "dependencies": [
            "aws_vpc.app"
          ]
        }
      ]
    },
    {
      "module": "module.db",
      "mode": "managed",
      "type": "aws_subnet",
      "name": "db",
      "provider": "provider.aws",
      "instances": [
        {
          "schema_version": 1,
          "attributes": {
            "arn": "arn:aws:ec2:eu-west-1:135928476890:subnet/subnet-0be8ffea2dc6c4134",
            "assign_ipv6_address_on_creation": false,
            "availability_zone": "eu-west-1a",
            "availability_zone_id": "euw1-az3",
            "cidr_block": "10.0.3.0/24",
            "id": "subnet-0be8ffea2dc6c4134",
            "ipv6_cidr_block": "",
            "ipv6_cidr_block_association_id": "",
            "map_public_ip_on_launch": false,
            "owner_id": "135928476890",
            "tags": {
              "Name": "Eng-47-Final-Project-db"
            },
            "timeouts": null,
            "vpc_id": "vpc-02136557ab4a54cd7"
          },
          "private": "eyJlMmJmYjczMC1lY2FhLTExZTYtOGY4OC0zNDM2M2JjN2M0YzAiOnsiY3JlYXRlIjo2MDAwMDAwMDAwMDAsImRlbGV0ZSI6MTIwMDAwMDAwMDAwMH0sInNjaGVtYV92ZXJzaW9uIjoiMSJ9",
          "dependencies": [
            "aws_vpc.app"
          ]
        }
      ]
    },
    {
      "mode": "managed",
      "type": "aws_vpc",
      "name": "app",
      "provider": "provider.aws",
      "instances": [
        {
          "schema_version": 1,
          "attributes": {
            "arn": "arn:aws:ec2:eu-west-1:135928476890:vpc/vpc-02136557ab4a54cd7",
            "assign_generated_ipv6_cidr_block": false,
            "cidr_block": "10.0.0.0/16",
            "default_network_acl_id": "acl-0b065b4f67587ba21",
            "default_route_table_id": "rtb-0bf23c498fd76f82d",
            "default_security_group_id": "sg-0f3f11d828d03b325",
            "dhcp_options_id": "dopt-18d5d77d",
            "enable_classiclink": false,
            "enable_classiclink_dns_support": false,
            "enable_dns_hostnames": false,
            "enable_dns_support": true,
            "id": "vpc-02136557ab4a54cd7",
            "instance_tenancy": "default",
            "ipv6_association_id": "",
            "ipv6_cidr_block": "",
            "main_route_table_id": "rtb-0bf23c498fd76f82d",
            "owner_id": "135928476890",
            "tags": {
              "Name": "Eng-47-Final-Project"
            }
          },
          "private": "eyJzY2hlbWFfdmVyc2lvbiI6IjEifQ=="
        }
      ]
    }
  ]
}
